// !$*UTF8*$!
{
	archiveVersion = 1;
	classes = {
	};
	objectVersion = 56;
	objects = {

/* Begin PBXBuildFile section */
		D35FCECF2B8812E2005F84AB /* main.cpp in Sources */ = {isa = PBXBuildFile; fileRef = D35FCECE2B8812E2005F84AB /* main.cpp */; };
		D35FCEDA2B88133A005F84AB /* ShaderProgram.cpp in Sources */ = {isa = PBXBuildFile; fileRef = D35FCED52B88133A005F84AB /* ShaderProgram.cpp */; };
		D35FCEDD2B881379005F84AB /* OpenGL.framework in Frameworks */ = {isa = PBXBuildFile; fileRef = D35FCEDC2B881379005F84AB /* OpenGL.framework */; };
		D35FCEDF2B881384005F84AB /* Cocoa.framework in Frameworks */ = {isa = PBXBuildFile; fileRef = D35FCEDE2B881384005F84AB /* Cocoa.framework */; };
		D35FCEE32B8813A3005F84AB /* SDL2.framework in Frameworks */ = {isa = PBXBuildFile; fileRef = D35FCEE02B8813A3005F84AB /* SDL2.framework */; };
		D35FCEE42B8813A3005F84AB /* SDL2_mixer.framework in Frameworks */ = {isa = PBXBuildFile; fileRef = D35FCEE12B8813A3005F84AB /* SDL2_mixer.framework */; };
		D35FCEE52B8813A3005F84AB /* SDL2_image.framework in Frameworks */ = {isa = PBXBuildFile; fileRef = D35FCEE22B8813A3005F84AB /* SDL2_image.framework */; };
		D35FCEE62B8813B8005F84AB /* shaders in CopyFiles */ = {isa = PBXBuildFile; fileRef = D35FCED62B88133A005F84AB /* shaders */; };
/* End PBXBuildFile section */

/* Begin PBXCopyFilesBuildPhase section */
		D35FCEC92B8812E2005F84AB /* CopyFiles */ = {
			isa = PBXCopyFilesBuildPhase;
			buildActionMask = 12;
			dstPath = "";
			dstSubfolderSpec = 6;
			files = (
				D35FCEE62B8813B8005F84AB /* shaders in CopyFiles */,
			);
			runOnlyForDeploymentPostprocessing = 0;
		};
/* End PBXCopyFilesBuildPhase section */

/* Begin PBXFileReference section */
		D35FCECB2B8812E2005F84AB /* pong_clone */ = {isa = PBXFileReference; explicitFileType = "compiled.mach-o.executable"; includeInIndex = 0; path = pong_clone; sourceTree = BUILT_PRODUCTS_DIR; };
		D35FCECE2B8812E2005F84AB /* main.cpp */ = {isa = PBXFileReference; lastKnownFileType = sourcecode.cpp.cpp; path = main.cpp; sourceTree = "<group>"; };
		D35FCED52B88133A005F84AB /* ShaderProgram.cpp */ = {isa = PBXFileReference; fileEncoding = 4; lastKnownFileType = sourcecode.cpp.cpp; path = ShaderProgram.cpp; sourceTree = "<group>"; };
		D35FCED62B88133A005F84AB /* shaders */ = {isa = PBXFileReference; lastKnownFileType = folder; path = shaders; sourceTree = "<group>"; };
		D35FCED72B88133A005F84AB /* ShaderProgram.h */ = {isa = PBXFileReference; fileEncoding = 4; lastKnownFileType = sourcecode.c.h; path = ShaderProgram.h; sourceTree = "<group>"; };
		D35FCED82B88133A005F84AB /* glm */ = {isa = PBXFileReference; lastKnownFileType = folder; path = glm; sourceTree = "<group>"; };
		D35FCED92B88133A005F84AB /* stb_image.h */ = {isa = PBXFileReference; fileEncoding = 4; lastKnownFileType = sourcecode.c.h; path = stb_image.h; sourceTree = "<group>"; };
		D35FCEDC2B881379005F84AB /* OpenGL.framework */ = {isa = PBXFileReference; lastKnownFileType = wrapper.framework; name = OpenGL.framework; path = System/Library/Frameworks/OpenGL.framework; sourceTree = SDKROOT; };
		D35FCEDE2B881384005F84AB /* Cocoa.framework */ = {isa = PBXFileReference; lastKnownFileType = wrapper.framework; name = Cocoa.framework; path = System/Library/Frameworks/Cocoa.framework; sourceTree = SDKROOT; };
		D35FCEE02B8813A3005F84AB /* SDL2.framework */ = {isa = PBXFileReference; lastKnownFileType = wrapper.framework; name = SDL2.framework; path = ../../../../../../Library/Frameworks/SDL2.framework; sourceTree = "<group>"; };
		D35FCEE12B8813A3005F84AB /* SDL2_mixer.framework */ = {isa = PBXFileReference; lastKnownFileType = wrapper.framework; name = SDL2_mixer.framework; path = ../../../../../../Library/Frameworks/SDL2_mixer.framework; sourceTree = "<group>"; };
		D35FCEE22B8813A3005F84AB /* SDL2_image.framework */ = {isa = PBXFileReference; lastKnownFileType = wrapper.framework; name = SDL2_image.framework; path = ../../../../../../Library/Frameworks/SDL2_image.framework; sourceTree = "<group>"; };
/* End PBXFileReference section */

/* Begin PBXFrameworksBuildPhase section */
		D35FCEC82B8812E2005F84AB /* Frameworks */ = {
			isa = PBXFrameworksBuildPhase;
			buildActionMask = 2147483647;
			files = (
				D35FCEE32B8813A3005F84AB /* SDL2.framework in Frameworks */,
				D35FCEE42B8813A3005F84AB /* SDL2_mixer.framework in Frameworks */,
				D35FCEE52B8813A3005F84AB /* SDL2_image.framework in Frameworks */,
				D35FCEDF2B881384005F84AB /* Cocoa.framework in Frameworks */,
				D35FCEDD2B881379005F84AB /* OpenGL.framework in Frameworks */,
			);
			runOnlyForDeploymentPostprocessing = 0;
		};
/* End PBXFrameworksBuildPhase section */

/* Begin PBXGroup section */
		D35FCEC22B8812E2005F84AB = {
			isa = PBXGroup;
			children = (
				D35FCECD2B8812E2005F84AB /* pong_clone */,
				D35FCECC2B8812E2005F84AB /* Products */,
				D35FCEDB2B881379005F84AB /* Frameworks */,
			);
			sourceTree = "<group>";
		};
		D35FCECC2B8812E2005F84AB /* Products */ = {
			isa = PBXGroup;
			children = (
				D35FCECB2B8812E2005F84AB /* pong_clone */,
			);
			name = Products;
			sourceTree = "<group>";
		};
		D35FCECD2B8812E2005F84AB /* pong_clone */ = {
			isa = PBXGroup;
			children = (
				D35FCED82B88133A005F84AB /* glm */,
				D35FCED52B88133A005F84AB /* ShaderProgram.cpp */,
				D35FCED72B88133A005F84AB /* ShaderProgram.h */,
				D35FCED62B88133A005F84AB /* shaders */,
				D35FCED92B88133A005F84AB /* stb_image.h */,
				D35FCECE2B8812E2005F84AB /* main.cpp */,
			);
			path = pong_clone;
			sourceTree = "<group>";
		};
		D35FCEDB2B881379005F84AB /* Frameworks */ = {
			isa = PBXGroup;
			children = (
				D35FCEE22B8813A3005F84AB /* SDL2_image.framework */,
				D35FCEE12B8813A3005F84AB /* SDL2_mixer.framework */,
				D35FCEE02B8813A3005F84AB /* SDL2.framework */,
				D35FCEDE2B881384005F84AB /* Cocoa.framework */,
				D35FCEDC2B881379005F84AB /* OpenGL.framework */,
			);
			name = Frameworks;
			sourceTree = "<group>";
		};
/* End PBXGroup section */

/* Begin PBXNativeTarget section */
		D35FCECA2B8812E2005F84AB /* pong_clone */ = {
			isa = PBXNativeTarget;
			buildConfigurationList = D35FCED22B8812E2005F84AB /* Build configuration list for PBXNativeTarget "pong_clone" */;
			buildPhases = (
				D35FCEC72B8812E2005F84AB /* Sources */,
				D35FCEC82B8812E2005F84AB /* Frameworks */,
				D35FCEC92B8812E2005F84AB /* CopyFiles */,
			);
			buildRules = (
			);
			dependencies = (
			);
			name = pong_clone;
			productName = pong_clone;
			productReference = D35FCECB2B8812E2005F84AB /* pong_clone */;
			productType = "com.apple.product-type.tool";
		};
/* End PBXNativeTarget section */

/* Begin PBXProject section */
		D35FCEC32B8812E2005F84AB /* Project object */ = {
			isa = PBXProject;
			attributes = {
				BuildIndependentTargetsInParallel = 1;
				LastUpgradeCheck = 1520;
				TargetAttributes = {
					D35FCECA2B8812E2005F84AB = {
						CreatedOnToolsVersion = 15.2;
					};
				};
			};
			buildConfigurationList = D35FCEC62B8812E2005F84AB /* Build configuration list for PBXProject "pong_clone" */;
			compatibilityVersion = "Xcode 14.0";
			developmentRegion = en;
			hasScannedForEncodings = 0;
			knownRegions = (
				en,
				Base,
			);
			mainGroup = D35FCEC22B8812E2005F84AB;
			productRefGroup = D35FCECC2B8812E2005F84AB /* Products */;
			projectDirPath = "";
			projectRoot = "";
			targets = (
				D35FCECA2B8812E2005F84AB /* pong_clone */,
			);
		};
/* End PBXProject section */

/* Begin PBXSourcesBuildPhase section */
		D35FCEC72B8812E2005F84AB /* Sources */ = {
			isa = PBXSourcesBuildPhase;
			buildActionMask = 2147483647;
			files = (
				D35FCECF2B8812E2005F84AB /* main.cpp in Sources */,
				D35FCEDA2B88133A005F84AB /* ShaderProgram.cpp in Sources */,
			);
			runOnlyForDeploymentPostprocessing = 0;
		};
/* End PBXSourcesBuildPhase section */

/* Begin XCBuildConfiguration section */
		D35FCED02B8812E2005F84AB /* Debug */ = {
			isa = XCBuildConfiguration;
			buildSettings = {
				ALWAYS_SEARCH_USER_PATHS = NO;
				ASSETCATALOG_COMPILER_GENERATE_SWIFT_ASSET_SYMBOL_EXTENSIONS = YES;
				CLANG_ANALYZER_NONNULL = YES;
				CLANG_ANALYZER_NUMBER_OBJECT_CONVERSION = YES_AGGRESSIVE;
				CLANG_CXX_LANGUAGE_STANDARD = "gnu++20";
				CLANG_ENABLE_MODULES = YES;
				CLANG_ENABLE_OBJC_ARC = YES;
				CLANG_ENABLE_OBJC_WEAK = YES;
				CLANG_WARN_BLOCK_CAPTURE_AUTORELEASING = YES;
				CLANG_WARN_BOOL_CONVERSION = YES;
				CLANG_WARN_COMMA = YES;
				CLANG_WARN_CONSTANT_CONVERSION = YES;
				CLANG_WARN_DEPRECATED_OBJC_IMPLEMENTATIONS = YES;
				CLANG_WARN_DIRECT_OBJC_ISA_USAGE = YES_ERROR;
				CLANG_WARN_DOCUMENTATION_COMMENTS = YES;
				CLANG_WARN_EMPTY_BODY = YES;
				CLANG_WARN_ENUM_CONVERSION = YES;
				CLANG_WARN_INFINITE_RECURSION = YES;
				CLANG_WARN_INT_CONVERSION = YES;
				CLANG_WARN_NON_LITERAL_NULL_CONVERSION = YES;
				CLANG_WARN_OBJC_IMPLICIT_RETAIN_SELF = YES;
				CLANG_WARN_OBJC_LITERAL_CONVERSION = YES;
				CLANG_WARN_OBJC_ROOT_CLASS = YES_ERROR;
				CLANG_WARN_QUOTED_INCLUDE_IN_FRAMEWORK_HEADER = YES;
				CLANG_WARN_RANGE_LOOP_ANALYSIS = YES;
				CLANG_WARN_STRICT_PROTOTYPES = YES;
				CLANG_WARN_SUSPICIOUS_MOVE = YES;
				CLANG_WARN_UNGUARDED_AVAILABILITY = YES_AGGRESSIVE;
				CLANG_WARN_UNREACHABLE_CODE = YES;
				CLANG_WARN__DUPLICATE_METHOD_MATCH = YES;
				COPY_PHASE_STRIP = NO;
				DEBUG_INFORMATION_FORMAT = dwarf;
				ENABLE_STRICT_OBJC_MSGSEND = YES;
				ENABLE_TESTABILITY = YES;
				ENABLE_USER_SCRIPT_SANDBOXING = YES;
				GCC_C_LANGUAGE_STANDARD = gnu17;
				GCC_DYNAMIC_NO_PIC = NO;
				GCC_NO_COMMON_BLOCKS = YES;
				GCC_OPTIMIZATION_LEVEL = 0;
				GCC_PREPROCESSOR_DEFINITIONS = (
					"DEBUG=1",
					"$(inherited)",
				);
				GCC_WARN_64_TO_32_BIT_CONVERSION = YES;
				GCC_WARN_ABOUT_RETURN_TYPE = YES_ERROR;
				GCC_WARN_UNDECLARED_SELECTOR = YES;
				GCC_WARN_UNINITIALIZED_AUTOS = YES_AGGRESSIVE;
				GCC_WARN_UNUSED_FUNCTION = YES;
				GCC_WARN_UNUSED_VARIABLE = YES;
				LOCALIZATION_PREFERS_STRING_CATALOGS = YES;
				MACOSX_DEPLOYMENT_TARGET = 14.2;
				MTL_ENABLE_DEBUG_INFO = INCLUDE_SOURCE;
				MTL_FAST_MATH = YES;
				ONLY_ACTIVE_ARCH = YES;
				SDKROOT = macosx;
			};
			name = Debug;
		};
		D35FCED12B8812E2005F84AB /* Release */ = {
			isa = XCBuildConfiguration;
			buildSettings = {
				ALWAYS_SEARCH_USER_PATHS = NO;
				ASSETCATALOG_COMPILER_GENERATE_SWIFT_ASSET_SYMBOL_EXTENSIONS = YES;
				CLANG_ANALYZER_NONNULL = YES;
				CLANG_ANALYZER_NUMBER_OBJECT_CONVERSION = YES_AGGRESSIVE;
				CLANG_CXX_LANGUAGE_STANDARD = "gnu++20";
				CLANG_ENABLE_MODULES = YES;
				CLANG_ENABLE_OBJC_ARC = YES;
				CLANG_ENABLE_OBJC_WEAK = YES;
				CLANG_WARN_BLOCK_CAPTURE_AUTORELEASING = YES;
				CLANG_WARN_BOOL_CONVERSION = YES;
				CLANG_WARN_COMMA = YES;
				CLANG_WARN_CONSTANT_CONVERSION = YES;
				CLANG_WARN_DEPRECATED_OBJC_IMPLEMENTATIONS = YES;
				CLANG_WARN_DIRECT_OBJC_ISA_USAGE = YES_ERROR;
				CLANG_WARN_DOCUMENTATION_COMMENTS = YES;
				CLANG_WARN_EMPTY_BODY = YES;
				CLANG_WARN_ENUM_CONVERSION = YES;
				CLANG_WARN_INFINITE_RECURSION = YES;
				CLANG_WARN_INT_CONVERSION = YES;
				CLANG_WARN_NON_LITERAL_NULL_CONVERSION = YES;
				CLANG_WARN_OBJC_IMPLICIT_RETAIN_SELF = YES;
				CLANG_WARN_OBJC_LITERAL_CONVERSION = YES;
				CLANG_WARN_OBJC_ROOT_CLASS = YES_ERROR;
				CLANG_WARN_QUOTED_INCLUDE_IN_FRAMEWORK_HEADER = YES;
				CLANG_WARN_RANGE_LOOP_ANALYSIS = YES;
				CLANG_WARN_STRICT_PROTOTYPES = YES;
				CLANG_WARN_SUSPICIOUS_MOVE = YES;
				CLANG_WARN_UNGUARDED_AVAILABILITY = YES_AGGRESSIVE;
				CLANG_WARN_UNREACHABLE_CODE = YES;
				CLANG_WARN__DUPLICATE_METHOD_MATCH = YES;
				COPY_PHASE_STRIP = NO;
				DEBUG_INFORMATION_FORMAT = "dwarf-with-dsym";
				ENABLE_NS_ASSERTIONS = NO;
				ENABLE_STRICT_OBJC_MSGSEND = YES;
				ENABLE_USER_SCRIPT_SANDBOXING = YES;
				GCC_C_LANGUAGE_STANDARD = gnu17;
				GCC_NO_COMMON_BLOCKS = YES;
				GCC_WARN_64_TO_32_BIT_CONVERSION = YES;
				GCC_WARN_ABOUT_RETURN_TYPE = YES_ERROR;
				GCC_WARN_UNDECLARED_SELECTOR = YES;
				GCC_WARN_UNINITIALIZED_AUTOS = YES_AGGRESSIVE;
				GCC_WARN_UNUSED_FUNCTION = YES;
				GCC_WARN_UNUSED_VARIABLE = YES;
				LOCALIZATION_PREFERS_STRING_CATALOGS = YES;
				MACOSX_DEPLOYMENT_TARGET = 14.2;
				MTL_ENABLE_DEBUG_INFO = NO;
				MTL_FAST_MATH = YES;
				SDKROOT = macosx;
			};
			name = Release;
		};
		D35FCED32B8812E2005F84AB /* Debug */ = {
			isa = XCBuildConfiguration;
			buildSettings = {
				CODE_SIGN_STYLE = Automatic;
				FRAMEWORK_SEARCH_PATHS = (
					"$(inherited)",
					"$(LOCAL_LIBRARY_DIR)/Frameworks",
				);
				HEADER_SEARCH_PATHS = (
					/Library/Frameworks/SDL2.framework/Versions/A/Headers,
					/Library/Frameworks/SDL2_image.framework/Versions/A/Headers,
				);
				PRODUCT_NAME = "$(TARGET_NAME)";
			};
			name = Debug;
		};
		D35FCED42B8812E2005F84AB /* Release */ = {
			isa = XCBuildConfiguration;
			buildSettings = {
				CODE_SIGN_STYLE = Automatic;
				FRAMEWORK_SEARCH_PATHS = (
					"$(inherited)",
					"$(LOCAL_LIBRARY_DIR)/Frameworks",
				);
				HEADER_SEARCH_PATHS = (
					/Library/Frameworks/SDL2.framework/Versions/A/Headers,
					/Library/Frameworks/SDL2_image.framework/Versions/A/Headers,
				);
				PRODUCT_NAME = "$(TARGET_NAME)";
			};
			name = Release;
		};
/* End XCBuildConfiguration section */

/* Begin XCConfigurationList section */
		D35FCEC62B8812E2005F84AB /* Build configuration list for PBXProject "pong_clone" */ = {
			isa = XCConfigurationList;
			buildConfigurations = (
				D35FCED02B8812E2005F84AB /* Debug */,
				D35FCED12B8812E2005F84AB /* Release */,
			);
			defaultConfigurationIsVisible = 0;
			defaultConfigurationName = Release;
		};
		D35FCED22B8812E2005F84AB /* Build configuration list for PBXNativeTarget "pong_clone" */ = {
			isa = XCConfigurationList;
			buildConfigurations = (
				D35FCED32B8812E2005F84AB /* Debug */,
				D35FCED42B8812E2005F84AB /* Release */,
			);
			defaultConfigurationIsVisible = 0;
			defaultConfigurationName = Release;
		};
/* End XCConfigurationList section */
	};
	rootObject = D35FCEC32B8812E2005F84AB /* Project object */;
}
