// !$*UTF8*$!
{
	archiveVersion = 1;
	classes = {
	};
	objectVersion = 56;
	objects = {

/* Begin PBXBuildFile section */
		D333B4152B926BE200E6A4D1 /* main.cpp in Sources */ = {isa = PBXBuildFile; fileRef = D333B4142B926BE200E6A4D1 /* main.cpp */; };
		D333B41D2B926C0B00E6A4D1 /* OpenGL.framework in Frameworks */ = {isa = PBXBuildFile; fileRef = D333B41C2B926C0B00E6A4D1 /* OpenGL.framework */; };
		D333B41F2B926C0F00E6A4D1 /* Cocoa.framework in Frameworks */ = {isa = PBXBuildFile; fileRef = D333B41E2B926C0F00E6A4D1 /* Cocoa.framework */; };
		D333B4232B926C1C00E6A4D1 /* SDL2.framework in Frameworks */ = {isa = PBXBuildFile; fileRef = D333B4202B926C1B00E6A4D1 /* SDL2.framework */; };
		D333B4242B926C1C00E6A4D1 /* SDL2_mixer.framework in Frameworks */ = {isa = PBXBuildFile; fileRef = D333B4212B926C1B00E6A4D1 /* SDL2_mixer.framework */; };
		D333B4252B926C1C00E6A4D1 /* SDL2_image.framework in Frameworks */ = {isa = PBXBuildFile; fileRef = D333B4222B926C1B00E6A4D1 /* SDL2_image.framework */; };
		D333B42B2B926C7D00E6A4D1 /* ShaderProgram.cpp in Sources */ = {isa = PBXBuildFile; fileRef = D333B4282B926C7D00E6A4D1 /* ShaderProgram.cpp */; };
		D333B42C2B926CAE00E6A4D1 /* shaders in CopyFiles */ = {isa = PBXBuildFile; fileRef = D333B4262B926C7D00E6A4D1 /* shaders */; };
		D333B42E2B926DA400E6A4D1 /* assets in CopyFiles */ = {isa = PBXBuildFile; fileRef = D333B42D2B926D4600E6A4D1 /* assets */; };
/* End PBXBuildFile section */

/* Begin PBXCopyFilesBuildPhase section */
		D333B40F2B926BE200E6A4D1 /* CopyFiles */ = {
			isa = PBXCopyFilesBuildPhase;
			buildActionMask = 12;
			dstPath = "";
			dstSubfolderSpec = 6;
			files = (
				D333B42C2B926CAE00E6A4D1 /* shaders in CopyFiles */,
				D333B42E2B926DA400E6A4D1 /* assets in CopyFiles */,
			);
			runOnlyForDeploymentPostprocessing = 0;
		};
/* End PBXCopyFilesBuildPhase section */

/* Begin PBXFileReference section */
		D333B4112B926BE200E6A4D1 /* animation */ = {isa = PBXFileReference; explicitFileType = "compiled.mach-o.executable"; includeInIndex = 0; path = animation; sourceTree = BUILT_PRODUCTS_DIR; };
		D333B4142B926BE200E6A4D1 /* main.cpp */ = {isa = PBXFileReference; lastKnownFileType = sourcecode.cpp.cpp; path = main.cpp; sourceTree = "<group>"; };
		D333B41C2B926C0B00E6A4D1 /* OpenGL.framework */ = {isa = PBXFileReference; lastKnownFileType = wrapper.framework; name = OpenGL.framework; path = System/Library/Frameworks/OpenGL.framework; sourceTree = SDKROOT; };
		D333B41E2B926C0F00E6A4D1 /* Cocoa.framework */ = {isa = PBXFileReference; lastKnownFileType = wrapper.framework; name = Cocoa.framework; path = System/Library/Frameworks/Cocoa.framework; sourceTree = SDKROOT; };
		D333B4202B926C1B00E6A4D1 /* SDL2.framework */ = {isa = PBXFileReference; lastKnownFileType = wrapper.framework; name = SDL2.framework; path = ../../../../../../Library/Frameworks/SDL2.framework; sourceTree = "<group>"; };
		D333B4212B926C1B00E6A4D1 /* SDL2_mixer.framework */ = {isa = PBXFileReference; lastKnownFileType = wrapper.framework; name = SDL2_mixer.framework; path = ../../../../../../Library/Frameworks/SDL2_mixer.framework; sourceTree = "<group>"; };
		D333B4222B926C1B00E6A4D1 /* SDL2_image.framework */ = {isa = PBXFileReference; lastKnownFileType = wrapper.framework; name = SDL2_image.framework; path = ../../../../../../Library/Frameworks/SDL2_image.framework; sourceTree = "<group>"; };
		D333B4262B926C7D00E6A4D1 /* shaders */ = {isa = PBXFileReference; lastKnownFileType = folder; path = shaders; sourceTree = "<group>"; };
		D333B4272B926C7D00E6A4D1 /* glm */ = {isa = PBXFileReference; lastKnownFileType = folder; path = glm; sourceTree = "<group>"; };
		D333B4282B926C7D00E6A4D1 /* ShaderProgram.cpp */ = {isa = PBXFileReference; fileEncoding = 4; lastKnownFileType = sourcecode.cpp.cpp; path = ShaderProgram.cpp; sourceTree = "<group>"; };
		D333B4292B926C7D00E6A4D1 /* stb_image.h */ = {isa = PBXFileReference; fileEncoding = 4; lastKnownFileType = sourcecode.c.h; path = stb_image.h; sourceTree = "<group>"; };
		D333B42A2B926C7D00E6A4D1 /* ShaderProgram.h */ = {isa = PBXFileReference; fileEncoding = 4; lastKnownFileType = sourcecode.c.h; path = ShaderProgram.h; sourceTree = "<group>"; };
		D333B42D2B926D4600E6A4D1 /* assets */ = {isa = PBXFileReference; lastKnownFileType = folder; path = assets; sourceTree = "<group>"; };
/* End PBXFileReference section */

/* Begin PBXFrameworksBuildPhase section */
		D333B40E2B926BE200E6A4D1 /* Frameworks */ = {
			isa = PBXFrameworksBuildPhase;
			buildActionMask = 2147483647;
			files = (
				D333B4232B926C1C00E6A4D1 /* SDL2.framework in Frameworks */,
				D333B4242B926C1C00E6A4D1 /* SDL2_mixer.framework in Frameworks */,
				D333B4252B926C1C00E6A4D1 /* SDL2_image.framework in Frameworks */,
				D333B41F2B926C0F00E6A4D1 /* Cocoa.framework in Frameworks */,
				D333B41D2B926C0B00E6A4D1 /* OpenGL.framework in Frameworks */,
			);
			runOnlyForDeploymentPostprocessing = 0;
		};
/* End PBXFrameworksBuildPhase section */

/* Begin PBXGroup section */
		D333B4082B926BE200E6A4D1 = {
			isa = PBXGroup;
			children = (
				D333B4132B926BE200E6A4D1 /* animation */,
				D333B4122B926BE200E6A4D1 /* Products */,
				D333B41B2B926C0A00E6A4D1 /* Frameworks */,
			);
			sourceTree = "<group>";
		};
		D333B4122B926BE200E6A4D1 /* Products */ = {
			isa = PBXGroup;
			children = (
				D333B4112B926BE200E6A4D1 /* animation */,
			);
			name = Products;
			sourceTree = "<group>";
		};
		D333B4132B926BE200E6A4D1 /* animation */ = {
			isa = PBXGroup;
			children = (
				D333B42D2B926D4600E6A4D1 /* assets */,
				D333B4272B926C7D00E6A4D1 /* glm */,
				D333B4282B926C7D00E6A4D1 /* ShaderProgram.cpp */,
				D333B42A2B926C7D00E6A4D1 /* ShaderProgram.h */,
				D333B4262B926C7D00E6A4D1 /* shaders */,
				D333B4292B926C7D00E6A4D1 /* stb_image.h */,
				D333B4142B926BE200E6A4D1 /* main.cpp */,
			);
			path = animation;
			sourceTree = "<group>";
		};
		D333B41B2B926C0A00E6A4D1 /* Frameworks */ = {
			isa = PBXGroup;
			children = (
				D333B4222B926C1B00E6A4D1 /* SDL2_image.framework */,
				D333B4212B926C1B00E6A4D1 /* SDL2_mixer.framework */,
				D333B4202B926C1B00E6A4D1 /* SDL2.framework */,
				D333B41E2B926C0F00E6A4D1 /* Cocoa.framework */,
				D333B41C2B926C0B00E6A4D1 /* OpenGL.framework */,
			);
			name = Frameworks;
			sourceTree = "<group>";
		};
/* End PBXGroup section */

/* Begin PBXNativeTarget section */
		D333B4102B926BE200E6A4D1 /* animation */ = {
			isa = PBXNativeTarget;
			buildConfigurationList = D333B4182B926BE200E6A4D1 /* Build configuration list for PBXNativeTarget "animation" */;
			buildPhases = (
				D333B40D2B926BE200E6A4D1 /* Sources */,
				D333B40E2B926BE200E6A4D1 /* Frameworks */,
				D333B40F2B926BE200E6A4D1 /* CopyFiles */,
			);
			buildRules = (
			);
			dependencies = (
			);
			name = animation;
			productName = animation;
			productReference = D333B4112B926BE200E6A4D1 /* animation */;
			productType = "com.apple.product-type.tool";
		};
/* End PBXNativeTarget section */

/* Begin PBXProject section */
		D333B4092B926BE200E6A4D1 /* Project object */ = {
			isa = PBXProject;
			attributes = {
				BuildIndependentTargetsInParallel = 1;
				LastUpgradeCheck = 1520;
				TargetAttributes = {
					D333B4102B926BE200E6A4D1 = {
						CreatedOnToolsVersion = 15.2;
					};
				};
			};
			buildConfigurationList = D333B40C2B926BE200E6A4D1 /* Build configuration list for PBXProject "animation" */;
			compatibilityVersion = "Xcode 14.0";
			developmentRegion = en;
			hasScannedForEncodings = 0;
			knownRegions = (
				en,
				Base,
			);
			mainGroup = D333B4082B926BE200E6A4D1;
			productRefGroup = D333B4122B926BE200E6A4D1 /* Products */;
			projectDirPath = "";
			projectRoot = "";
			targets = (
				D333B4102B926BE200E6A4D1 /* animation */,
			);
		};
/* End PBXProject section */

/* Begin PBXSourcesBuildPhase section */
		D333B40D2B926BE200E6A4D1 /* Sources */ = {
			isa = PBXSourcesBuildPhase;
			buildActionMask = 2147483647;
			files = (
				D333B4152B926BE200E6A4D1 /* main.cpp in Sources */,
				D333B42B2B926C7D00E6A4D1 /* ShaderProgram.cpp in Sources */,
			);
			runOnlyForDeploymentPostprocessing = 0;
		};
/* End PBXSourcesBuildPhase section */

/* Begin XCBuildConfiguration section */
		D333B4162B926BE200E6A4D1 /* Debug */ = {
			isa = XCBuildConfiguration;
			buildSettings = {
				ALWAYS_SEARCH_USER_PATHS = NO;
				ASSETCATALOG_COMPILER_GENERATE_SWIFT_ASSET_SYMBOL_EXTENSIONS = YES;
				CLANG_ANALYZER_NONNULL = YES;
				CLANG_ANALYZER_NUMBER_OBJECT_CONVERSION = YES_AGGRESSIVE;
				CLANG_CXX_LANGUAGE_STANDARD = "gnu++20";
				CLANG_ENABLE_MODULES = YES;
				CLANG_ENABLE_OBJC_ARC = YES;
				CLANG_ENABLE_OBJC_WEAK = YES;
				CLANG_WARN_BLOCK_CAPTURE_AUTORELEASING = YES;
				CLANG_WARN_BOOL_CONVERSION = YES;
				CLANG_WARN_COMMA = YES;
				CLANG_WARN_CONSTANT_CONVERSION = YES;
				CLANG_WARN_DEPRECATED_OBJC_IMPLEMENTATIONS = YES;
				CLANG_WARN_DIRECT_OBJC_ISA_USAGE = YES_ERROR;
				CLANG_WARN_DOCUMENTATION_COMMENTS = YES;
				CLANG_WARN_EMPTY_BODY = YES;
				CLANG_WARN_ENUM_CONVERSION = YES;
				CLANG_WARN_INFINITE_RECURSION = YES;
				CLANG_WARN_INT_CONVERSION = YES;
				CLANG_WARN_NON_LITERAL_NULL_CONVERSION = YES;
				CLANG_WARN_OBJC_IMPLICIT_RETAIN_SELF = YES;
				CLANG_WARN_OBJC_LITERAL_CONVERSION = YES;
				CLANG_WARN_OBJC_ROOT_CLASS = YES_ERROR;
				CLANG_WARN_QUOTED_INCLUDE_IN_FRAMEWORK_HEADER = YES;
				CLANG_WARN_RANGE_LOOP_ANALYSIS = YES;
				CLANG_WARN_STRICT_PROTOTYPES = YES;
				CLANG_WARN_SUSPICIOUS_MOVE = YES;
				CLANG_WARN_UNGUARDED_AVAILABILITY = YES_AGGRESSIVE;
				CLANG_WARN_UNREACHABLE_CODE = YES;
				CLANG_WARN__DUPLICATE_METHOD_MATCH = YES;
				COPY_PHASE_STRIP = NO;
				DEBUG_INFORMATION_FORMAT = dwarf;
				ENABLE_STRICT_OBJC_MSGSEND = YES;
				ENABLE_TESTABILITY = YES;
				ENABLE_USER_SCRIPT_SANDBOXING = YES;
				GCC_C_LANGUAGE_STANDARD = gnu17;
				GCC_DYNAMIC_NO_PIC = NO;
				GCC_NO_COMMON_BLOCKS = YES;
				GCC_OPTIMIZATION_LEVEL = 0;
				GCC_PREPROCESSOR_DEFINITIONS = (
					"DEBUG=1",
					"$(inherited)",
				);
				GCC_WARN_64_TO_32_BIT_CONVERSION = YES;
				GCC_WARN_ABOUT_RETURN_TYPE = YES_ERROR;
				GCC_WARN_UNDECLARED_SELECTOR = YES;
				GCC_WARN_UNINITIALIZED_AUTOS = YES_AGGRESSIVE;
				GCC_WARN_UNUSED_FUNCTION = YES;
				GCC_WARN_UNUSED_VARIABLE = YES;
				LOCALIZATION_PREFERS_STRING_CATALOGS = YES;
				MACOSX_DEPLOYMENT_TARGET = 14.2;
				MTL_ENABLE_DEBUG_INFO = INCLUDE_SOURCE;
				MTL_FAST_MATH = YES;
				ONLY_ACTIVE_ARCH = YES;
				SDKROOT = macosx;
			};
			name = Debug;
		};
		D333B4172B926BE200E6A4D1 /* Release */ = {
			isa = XCBuildConfiguration;
			buildSettings = {
				ALWAYS_SEARCH_USER_PATHS = NO;
				ASSETCATALOG_COMPILER_GENERATE_SWIFT_ASSET_SYMBOL_EXTENSIONS = YES;
				CLANG_ANALYZER_NONNULL = YES;
				CLANG_ANALYZER_NUMBER_OBJECT_CONVERSION = YES_AGGRESSIVE;
				CLANG_CXX_LANGUAGE_STANDARD = "gnu++20";
				CLANG_ENABLE_MODULES = YES;
				CLANG_ENABLE_OBJC_ARC = YES;
				CLANG_ENABLE_OBJC_WEAK = YES;
				CLANG_WARN_BLOCK_CAPTURE_AUTORELEASING = YES;
				CLANG_WARN_BOOL_CONVERSION = YES;
				CLANG_WARN_COMMA = YES;
				CLANG_WARN_CONSTANT_CONVERSION = YES;
				CLANG_WARN_DEPRECATED_OBJC_IMPLEMENTATIONS = YES;
				CLANG_WARN_DIRECT_OBJC_ISA_USAGE = YES_ERROR;
				CLANG_WARN_DOCUMENTATION_COMMENTS = YES;
				CLANG_WARN_EMPTY_BODY = YES;
				CLANG_WARN_ENUM_CONVERSION = YES;
				CLANG_WARN_INFINITE_RECURSION = YES;
				CLANG_WARN_INT_CONVERSION = YES;
				CLANG_WARN_NON_LITERAL_NULL_CONVERSION = YES;
				CLANG_WARN_OBJC_IMPLICIT_RETAIN_SELF = YES;
				CLANG_WARN_OBJC_LITERAL_CONVERSION = YES;
				CLANG_WARN_OBJC_ROOT_CLASS = YES_ERROR;
				CLANG_WARN_QUOTED_INCLUDE_IN_FRAMEWORK_HEADER = YES;
				CLANG_WARN_RANGE_LOOP_ANALYSIS = YES;
				CLANG_WARN_STRICT_PROTOTYPES = YES;
				CLANG_WARN_SUSPICIOUS_MOVE = YES;
				CLANG_WARN_UNGUARDED_AVAILABILITY = YES_AGGRESSIVE;
				CLANG_WARN_UNREACHABLE_CODE = YES;
				CLANG_WARN__DUPLICATE_METHOD_MATCH = YES;
				COPY_PHASE_STRIP = NO;
				DEBUG_INFORMATION_FORMAT = "dwarf-with-dsym";
				ENABLE_NS_ASSERTIONS = NO;
				ENABLE_STRICT_OBJC_MSGSEND = YES;
				ENABLE_USER_SCRIPT_SANDBOXING = YES;
				GCC_C_LANGUAGE_STANDARD = gnu17;
				GCC_NO_COMMON_BLOCKS = YES;
				GCC_WARN_64_TO_32_BIT_CONVERSION = YES;
				GCC_WARN_ABOUT_RETURN_TYPE = YES_ERROR;
				GCC_WARN_UNDECLARED_SELECTOR = YES;
				GCC_WARN_UNINITIALIZED_AUTOS = YES_AGGRESSIVE;
				GCC_WARN_UNUSED_FUNCTION = YES;
				GCC_WARN_UNUSED_VARIABLE = YES;
				LOCALIZATION_PREFERS_STRING_CATALOGS = YES;
				MACOSX_DEPLOYMENT_TARGET = 14.2;
				MTL_ENABLE_DEBUG_INFO = NO;
				MTL_FAST_MATH = YES;
				SDKROOT = macosx;
			};
			name = Release;
		};
		D333B4192B926BE200E6A4D1 /* Debug */ = {
			isa = XCBuildConfiguration;
			buildSettings = {
				CODE_SIGN_STYLE = Automatic;
				DEVELOPMENT_ASSET_PATHS = animation/assets;
				FRAMEWORK_SEARCH_PATHS = (
					"$(inherited)",
					"$(LOCAL_LIBRARY_DIR)/Frameworks",
				);
				HEADER_SEARCH_PATHS = (
					/Library/Frameworks/SDL2.framework/Versions/A/Headers,
					/Library/Frameworks/SDL2_image.framework/Versions/A/Headers,
				);
				PRODUCT_NAME = "$(TARGET_NAME)";
			};
			name = Debug;
		};
		D333B41A2B926BE200E6A4D1 /* Release */ = {
			isa = XCBuildConfiguration;
			buildSettings = {
				CODE_SIGN_STYLE = Automatic;
				DEVELOPMENT_ASSET_PATHS = animation/assets;
				FRAMEWORK_SEARCH_PATHS = (
					"$(inherited)",
					"$(LOCAL_LIBRARY_DIR)/Frameworks",
				);
				HEADER_SEARCH_PATHS = (
					/Library/Frameworks/SDL2.framework/Versions/A/Headers,
					/Library/Frameworks/SDL2_image.framework/Versions/A/Headers,
				);
				PRODUCT_NAME = "$(TARGET_NAME)";
			};
			name = Release;
		};
/* End XCBuildConfiguration section */

/* Begin XCConfigurationList section */
		D333B40C2B926BE200E6A4D1 /* Build configuration list for PBXProject "animation" */ = {
			isa = XCConfigurationList;
			buildConfigurations = (
				D333B4162B926BE200E6A4D1 /* Debug */,
				D333B4172B926BE200E6A4D1 /* Release */,
			);
			defaultConfigurationIsVisible = 0;
			defaultConfigurationName = Release;
		};
		D333B4182B926BE200E6A4D1 /* Build configuration list for PBXNativeTarget "animation" */ = {
			isa = XCConfigurationList;
			buildConfigurations = (
				D333B4192B926BE200E6A4D1 /* Debug */,
				D333B41A2B926BE200E6A4D1 /* Release */,
			);
			defaultConfigurationIsVisible = 0;
			defaultConfigurationName = Release;
		};
/* End XCConfigurationList section */
	};
	rootObject = D333B4092B926BE200E6A4D1 /* Project object */;
}
